
Microsoft Visual Studio Solution File, Format Version 12.00
# Visual Studio Version 17
VisualStudioVersion = 17.9.34902.65
MinimumVisualStudioVersion = 10.0.40219.1
Project("{FAE04EC0-301F-11D3-BF4B-00C04F79EFBC}") = "ToDoListWebAPI", "ToDoListWebAPI\ToDoListWebAPI.csproj", "{CDFC7737-46DA-4391-B2BE-A514E61BA17C}"
EndProject
Global
	GlobalSection(SolutionConfigurationPlatforms) = preSolution
		Debug|Any CPU = Debug|Any CPU
		Release|Any CPU = Release|Any CPU
	EndGlobalSection
	GlobalSection(ProjectConfigurationPlatforms) = postSolution
		{CDFC7737-46DA-4391-B2BE-A514E61BA17C}.Debug|Any CPU.ActiveCfg = Debug|Any CPU
		{CDFC7737-46DA-4391-B2BE-A514E61BA17C}.Debug|Any CPU.Build.0 = Debug|Any CPU
		{CDFC7737-46DA-4391-B2BE-A514E61BA17C}.Release|Any CPU.ActiveCfg = Release|Any CPU
		{CDFC7737-46DA-4391-B2BE-A514E61BA17C}.Release|Any CPU.Build.0 = Release|Any CPU
	EndGlobalSection
	GlobalSection(SolutionProperties) = preSolution
		HideSolutionNode = FALSE
	EndGlobalSection
	GlobalSection(ExtensibilityGlobals) = postSolution
		SolutionGuid = {04D87681-115D-49F3-940A-8EA6B052F104}
	EndGlobalSection
EndGlobal
